
Microsoft Visual Studio Solution File, Format Version 12.00
# Visual Studio Version 17
VisualStudioVersion = 17.3.32819.101
MinimumVisualStudioVersion = 10.0.40219.1
Project("{FAE04EC0-301F-11D3-BF4B-00C04F79EFBC}") = "Teste", "Teste\Teste.csproj", "{B7D800D3-571E-401E-A065-F6E9FBFAFA6A}"
EndProject
Global
	GlobalSection(SolutionConfigurationPlatforms) = preSolution
		Debug|Any CPU = Debug|Any CPU
		Release|Any CPU = Release|Any CPU
	EndGlobalSection
	GlobalSection(ProjectConfigurationPlatforms) = postSolution
		{B7D800D3-571E-401E-A065-F6E9FBFAFA6A}.Debug|Any CPU.ActiveCfg = Debug|Any CPU
		{B7D800D3-571E-401E-A065-F6E9FBFAFA6A}.Debug|Any CPU.Build.0 = Debug|Any CPU
		{B7D800D3-571E-401E-A065-F6E9FBFAFA6A}.Release|Any CPU.ActiveCfg = Release|Any CPU
		{B7D800D3-571E-401E-A065-F6E9FBFAFA6A}.Release|Any CPU.Build.0 = Release|Any CPU
	EndGlobalSection
	GlobalSection(SolutionProperties) = preSolution
		HideSolutionNode = FALSE
	EndGlobalSection
	GlobalSection(ExtensibilityGlobals) = postSolution
		SolutionGuid = {08F324E5-98D3-4DB6-9381-E37D2954E0E5}
	EndGlobalSection
EndGlobal
